
Microsoft Visual Studio Solution File, Format Version 12.00
# Visual Studio Version 16
VisualStudioVersion = 16.0.30011.22
MinimumVisualStudioVersion = 10.0.40219.1
Project("{FAE04EC0-301F-11D3-BF4B-00C04F79EFBC}") = "SoR_Music_Loader", "SoR_Music_Loader.csproj", "{AA18FEB0-0A4E-4F84-A386-FF190258B3DE}"
EndProject
Global
	GlobalSection(SolutionConfigurationPlatforms) = preSolution
		Debug|Any CPU = Debug|Any CPU
		Release|Any CPU = Release|Any CPU
	EndGlobalSection
	GlobalSection(ProjectConfigurationPlatforms) = postSolution
		{AA18FEB0-0A4E-4F84-A386-FF190258B3DE}.Debug|Any CPU.ActiveCfg = Debug|Any CPU
		{AA18FEB0-0A4E-4F84-A386-FF190258B3DE}.Debug|Any CPU.Build.0 = Debug|Any CPU
		{AA18FEB0-0A4E-4F84-A386-FF190258B3DE}.Release|Any CPU.ActiveCfg = Release|Any CPU
		{AA18FEB0-0A4E-4F84-A386-FF190258B3DE}.Release|Any CPU.Build.0 = Release|Any CPU
	EndGlobalSection
	GlobalSection(SolutionProperties) = preSolution
		HideSolutionNode = FALSE
	EndGlobalSection
	GlobalSection(ExtensibilityGlobals) = postSolution
		SolutionGuid = {B0EFD89A-5969-4BDE-80C0-F6088C044E24}
	EndGlobalSection
EndGlobal
